
Microsoft Visual Studio Solution File, Format Version 12.00
# Visual Studio Version 16
VisualStudioVersion = 16.0.810.17
MinimumVisualStudioVersion = 10.0.40219.1
Project("{FAE04EC0-301F-11D3-BF4B-00C04F79EFBC}") = "mission5", "mission5\mission5.csproj", "{AC3F0A1C-AADB-4EEB-BF8C-F5A0EE4AFFB7}"
EndProject
Global
	GlobalSection(SolutionConfigurationPlatforms) = preSolution
		Debug|Any CPU = Debug|Any CPU
		Release|Any CPU = Release|Any CPU
	EndGlobalSection
	GlobalSection(ProjectConfigurationPlatforms) = postSolution
		{AC3F0A1C-AADB-4EEB-BF8C-F5A0EE4AFFB7}.Debug|Any CPU.ActiveCfg = Debug|Any CPU
		{AC3F0A1C-AADB-4EEB-BF8C-F5A0EE4AFFB7}.Debug|Any CPU.Build.0 = Debug|Any CPU
		{AC3F0A1C-AADB-4EEB-BF8C-F5A0EE4AFFB7}.Release|Any CPU.ActiveCfg = Release|Any CPU
		{AC3F0A1C-AADB-4EEB-BF8C-F5A0EE4AFFB7}.Release|Any CPU.Build.0 = Release|Any CPU
	EndGlobalSection
	GlobalSection(SolutionProperties) = preSolution
		HideSolutionNode = FALSE
	EndGlobalSection
	GlobalSection(ExtensibilityGlobals) = postSolution
		SolutionGuid = {7846E1CC-0F4B-4095-B133-16E1694F95EA}
	EndGlobalSection
EndGlobal
